// !$*UTF8*$!
{
	archiveVersion = 1;
	classes = {
	};
	objectVersion = 52;
	objects = {

/* Begin PBXBuildFile section */
		1C109438275BFA38003638A3 /* Alamofire in Frameworks */ = {isa = PBXBuildFile; productRef = 1C109437275BFA38003638A3 /* Alamofire */; };
		1C10943A275BFA53003638A3 /* SignUpViewController.swift in Sources */ = {isa = PBXBuildFile; fileRef = 1C109439275BFA53003638A3 /* SignUpViewController.swift */; };
		1C178EB12768348100FAD445 /* AccountManager.swift in Sources */ = {isa = PBXBuildFile; fileRef = 1C178EB02768348100FAD445 /* AccountManager.swift */; };
		1C178EB32768411800FAD445 /* SignInViewController.swift in Sources */ = {isa = PBXBuildFile; fileRef = 1C178EB22768411800FAD445 /* SignInViewController.swift */; };
		1C178EB82768466200FAD445 /* ProfileViewController.swift in Sources */ = {isa = PBXBuildFile; fileRef = 1C178EB72768466200FAD445 /* ProfileViewController.swift */; };
		1C235F802755DAEF0068FEA8 /* AppDelegate.swift in Sources */ = {isa = PBXBuildFile; fileRef = 1C235F7F2755DAEF0068FEA8 /* AppDelegate.swift */; };
		1C235F822755DAEF0068FEA8 /* SceneDelegate.swift in Sources */ = {isa = PBXBuildFile; fileRef = 1C235F812755DAEF0068FEA8 /* SceneDelegate.swift */; };
		1C235F872755DAEF0068FEA8 /* Main.storyboard in Resources */ = {isa = PBXBuildFile; fileRef = 1C235F852755DAEF0068FEA8 /* Main.storyboard */; };
		1C235F892755DAF10068FEA8 /* Assets.xcassets in Resources */ = {isa = PBXBuildFile; fileRef = 1C235F882755DAF10068FEA8 /* Assets.xcassets */; };
		1C235F8C2755DAF10068FEA8 /* LaunchScreen.storyboard in Resources */ = {isa = PBXBuildFile; fileRef = 1C235F8A2755DAF10068FEA8 /* LaunchScreen.storyboard */; };
		1C235F972755DAF10068FEA8 /* meshTests.swift in Sources */ = {isa = PBXBuildFile; fileRef = 1C235F962755DAF10068FEA8 /* meshTests.swift */; };
		1C235FA22755DAF10068FEA8 /* meshUITests.swift in Sources */ = {isa = PBXBuildFile; fileRef = 1C235FA12755DAF10068FEA8 /* meshUITests.swift */; };
		1C4E08AF276E719D00D502D9 /* ImageManager.swift in Sources */ = {isa = PBXBuildFile; fileRef = 1C4E08AE276E719D00D502D9 /* ImageManager.swift */; };
		1CCC182827765BA400DDBA18 /* ImageService.swift in Sources */ = {isa = PBXBuildFile; fileRef = 1CCC182727765BA400DDBA18 /* ImageService.swift */; };
		1CD3048A27642E80009DC6D2 /* NetworkClient.swift in Sources */ = {isa = PBXBuildFile; fileRef = 1CD3048927642E80009DC6D2 /* NetworkClient.swift */; };
		1CDEB2992775A23D009DD5DA /* ProfileDetailView.swift in Sources */ = {isa = PBXBuildFile; fileRef = 1CDEB2982775A23D009DD5DA /* ProfileDetailView.swift */; };
		1CDEB29D2775AFAE009DD5DA /* ProfileDetailViewModel.swift in Sources */ = {isa = PBXBuildFile; fileRef = 1CDEB29C2775AFAE009DD5DA /* ProfileDetailViewModel.swift */; };
		1CDEB29F2775B106009DD5DA /* ProfileDetailModel.swift in Sources */ = {isa = PBXBuildFile; fileRef = 1CDEB29E2775B106009DD5DA /* ProfileDetailModel.swift */; };
		1CF96A652778275B003FF56D /* ImageLoader.swift in Sources */ = {isa = PBXBuildFile; fileRef = 1CF96A642778275B003FF56D /* ImageLoader.swift */; };
		1EDBAAC5C43A1266AC52F0D4 /* Pods_mesh.framework in Frameworks */ = {isa = PBXBuildFile; fileRef = 8E9A1CFB6C1D20853D2D7944 /* Pods_mesh.framework */; };
		54CCB25AACA1F917F623CDDD /* Pods_meshTests.framework in Frameworks */ = {isa = PBXBuildFile; fileRef = 7148FDF4A69D705228EC9C8D /* Pods_meshTests.framework */; };
		C50A2015F858ED46CA92A97B /* Pods_mesh_meshUITests.framework in Frameworks */ = {isa = PBXBuildFile; fileRef = C5770A05204318FF53C2106C /* Pods_mesh_meshUITests.framework */; };
/* End PBXBuildFile section */

/* Begin PBXContainerItemProxy section */
		1C235F932755DAF10068FEA8 /* PBXContainerItemProxy */ = {
			isa = PBXContainerItemProxy;
			containerPortal = 1C235F742755DAEF0068FEA8 /* Project object */;
			proxyType = 1;
			remoteGlobalIDString = 1C235F7B2755DAEF0068FEA8;
			remoteInfo = mesh;
		};
		1C235F9E2755DAF10068FEA8 /* PBXContainerItemProxy */ = {
			isa = PBXContainerItemProxy;
			containerPortal = 1C235F742755DAEF0068FEA8 /* Project object */;
			proxyType = 1;
			remoteGlobalIDString = 1C235F7B2755DAEF0068FEA8;
			remoteInfo = mesh;
		};
/* End PBXContainerItemProxy section */

/* Begin PBXFileReference section */
		05304C94AAD83CF845145F21 /* Pods-meshTests.release.xcconfig */ = {isa = PBXFileReference; includeInIndex = 1; lastKnownFileType = text.xcconfig; name = "Pods-meshTests.release.xcconfig"; path = "Target Support Files/Pods-meshTests/Pods-meshTests.release.xcconfig"; sourceTree = "<group>"; };
		05A557FC5A075AC640F7ED46 /* Pods-mesh.debug.xcconfig */ = {isa = PBXFileReference; includeInIndex = 1; lastKnownFileType = text.xcconfig; name = "Pods-mesh.debug.xcconfig"; path = "Target Support Files/Pods-mesh/Pods-mesh.debug.xcconfig"; sourceTree = "<group>"; };
		1C109439275BFA53003638A3 /* SignUpViewController.swift */ = {isa = PBXFileReference; lastKnownFileType = sourcecode.swift; path = SignUpViewController.swift; sourceTree = "<group>"; };
		1C178EB02768348100FAD445 /* AccountManager.swift */ = {isa = PBXFileReference; lastKnownFileType = sourcecode.swift; path = AccountManager.swift; sourceTree = "<group>"; };
		1C178EB22768411800FAD445 /* SignInViewController.swift */ = {isa = PBXFileReference; lastKnownFileType = sourcecode.swift; path = SignInViewController.swift; sourceTree = "<group>"; };
		1C178EB72768466200FAD445 /* ProfileViewController.swift */ = {isa = PBXFileReference; lastKnownFileType = sourcecode.swift; path = ProfileViewController.swift; sourceTree = "<group>"; };
		1C235F7C2755DAEF0068FEA8 /* mesh.app */ = {isa = PBXFileReference; explicitFileType = wrapper.application; includeInIndex = 0; path = mesh.app; sourceTree = BUILT_PRODUCTS_DIR; };
		1C235F7F2755DAEF0068FEA8 /* AppDelegate.swift */ = {isa = PBXFileReference; lastKnownFileType = sourcecode.swift; path = AppDelegate.swift; sourceTree = "<group>"; };
		1C235F812755DAEF0068FEA8 /* SceneDelegate.swift */ = {isa = PBXFileReference; lastKnownFileType = sourcecode.swift; path = SceneDelegate.swift; sourceTree = "<group>"; };
		1C235F862755DAEF0068FEA8 /* Base */ = {isa = PBXFileReference; lastKnownFileType = file.storyboard; name = Base; path = Base.lproj/Main.storyboard; sourceTree = "<group>"; };
		1C235F882755DAF10068FEA8 /* Assets.xcassets */ = {isa = PBXFileReference; lastKnownFileType = folder.assetcatalog; path = Assets.xcassets; sourceTree = "<group>"; };
		1C235F8B2755DAF10068FEA8 /* Base */ = {isa = PBXFileReference; lastKnownFileType = file.storyboard; name = Base; path = Base.lproj/LaunchScreen.storyboard; sourceTree = "<group>"; };
		1C235F8D2755DAF10068FEA8 /* Info.plist */ = {isa = PBXFileReference; lastKnownFileType = text.plist.xml; path = Info.plist; sourceTree = "<group>"; };
		1C235F922755DAF10068FEA8 /* meshTests.xctest */ = {isa = PBXFileReference; explicitFileType = wrapper.cfbundle; includeInIndex = 0; path = meshTests.xctest; sourceTree = BUILT_PRODUCTS_DIR; };
		1C235F962755DAF10068FEA8 /* meshTests.swift */ = {isa = PBXFileReference; lastKnownFileType = sourcecode.swift; path = meshTests.swift; sourceTree = "<group>"; };
		1C235F982755DAF10068FEA8 /* Info.plist */ = {isa = PBXFileReference; lastKnownFileType = text.plist.xml; path = Info.plist; sourceTree = "<group>"; };
		1C235F9D2755DAF10068FEA8 /* meshUITests.xctest */ = {isa = PBXFileReference; explicitFileType = wrapper.cfbundle; includeInIndex = 0; path = meshUITests.xctest; sourceTree = BUILT_PRODUCTS_DIR; };
		1C235FA12755DAF10068FEA8 /* meshUITests.swift */ = {isa = PBXFileReference; lastKnownFileType = sourcecode.swift; path = meshUITests.swift; sourceTree = "<group>"; };
		1C235FA32755DAF10068FEA8 /* Info.plist */ = {isa = PBXFileReference; lastKnownFileType = text.plist.xml; path = Info.plist; sourceTree = "<group>"; };
		1C4E08AE276E719D00D502D9 /* ImageManager.swift */ = {isa = PBXFileReference; lastKnownFileType = sourcecode.swift; path = ImageManager.swift; sourceTree = "<group>"; };
		1CCC182727765BA400DDBA18 /* ImageService.swift */ = {isa = PBXFileReference; lastKnownFileType = sourcecode.swift; path = ImageService.swift; sourceTree = "<group>"; };
		1CD3048927642E80009DC6D2 /* NetworkClient.swift */ = {isa = PBXFileReference; lastKnownFileType = sourcecode.swift; path = NetworkClient.swift; sourceTree = "<group>"; };
		1CDEB2982775A23D009DD5DA /* ProfileDetailView.swift */ = {isa = PBXFileReference; lastKnownFileType = sourcecode.swift; path = ProfileDetailView.swift; sourceTree = "<group>"; };
		1CDEB29C2775AFAE009DD5DA /* ProfileDetailViewModel.swift */ = {isa = PBXFileReference; lastKnownFileType = sourcecode.swift; path = ProfileDetailViewModel.swift; sourceTree = "<group>"; };
		1CDEB29E2775B106009DD5DA /* ProfileDetailModel.swift */ = {isa = PBXFileReference; lastKnownFileType = sourcecode.swift; path = ProfileDetailModel.swift; sourceTree = "<group>"; };
		1CF96A642778275B003FF56D /* ImageLoader.swift */ = {isa = PBXFileReference; lastKnownFileType = sourcecode.swift; path = ImageLoader.swift; sourceTree = "<group>"; };
		4121485CD71BAD26DA00AC46 /* Pods-mesh.release.xcconfig */ = {isa = PBXFileReference; includeInIndex = 1; lastKnownFileType = text.xcconfig; name = "Pods-mesh.release.xcconfig"; path = "Target Support Files/Pods-mesh/Pods-mesh.release.xcconfig"; sourceTree = "<group>"; };
		56F096211505657C5412FB9E /* Pods-mesh-meshUITests.debug.xcconfig */ = {isa = PBXFileReference; includeInIndex = 1; lastKnownFileType = text.xcconfig; name = "Pods-mesh-meshUITests.debug.xcconfig"; path = "Target Support Files/Pods-mesh-meshUITests/Pods-mesh-meshUITests.debug.xcconfig"; sourceTree = "<group>"; };
		7148FDF4A69D705228EC9C8D /* Pods_meshTests.framework */ = {isa = PBXFileReference; explicitFileType = wrapper.framework; includeInIndex = 0; path = Pods_meshTests.framework; sourceTree = BUILT_PRODUCTS_DIR; };
		8E9A1CFB6C1D20853D2D7944 /* Pods_mesh.framework */ = {isa = PBXFileReference; explicitFileType = wrapper.framework; includeInIndex = 0; path = Pods_mesh.framework; sourceTree = BUILT_PRODUCTS_DIR; };
		C5770A05204318FF53C2106C /* Pods_mesh_meshUITests.framework */ = {isa = PBXFileReference; explicitFileType = wrapper.framework; includeInIndex = 0; path = Pods_mesh_meshUITests.framework; sourceTree = BUILT_PRODUCTS_DIR; };
		CE12A5E14EFAB7234522E5F9 /* Pods-mesh-meshUITests.release.xcconfig */ = {isa = PBXFileReference; includeInIndex = 1; lastKnownFileType = text.xcconfig; name = "Pods-mesh-meshUITests.release.xcconfig"; path = "Target Support Files/Pods-mesh-meshUITests/Pods-mesh-meshUITests.release.xcconfig"; sourceTree = "<group>"; };
		FB8675F2340DAED01EAFBBD4 /* Pods-meshTests.debug.xcconfig */ = {isa = PBXFileReference; includeInIndex = 1; lastKnownFileType = text.xcconfig; name = "Pods-meshTests.debug.xcconfig"; path = "Target Support Files/Pods-meshTests/Pods-meshTests.debug.xcconfig"; sourceTree = "<group>"; };
/* End PBXFileReference section */

/* Begin PBXFrameworksBuildPhase section */
		1C235F792755DAEF0068FEA8 /* Frameworks */ = {
			isa = PBXFrameworksBuildPhase;
			buildActionMask = 2147483647;
			files = (
				1EDBAAC5C43A1266AC52F0D4 /* Pods_mesh.framework in Frameworks */,
				1C109438275BFA38003638A3 /* Alamofire in Frameworks */,
			);
			runOnlyForDeploymentPostprocessing = 0;
		};
		1C235F8F2755DAF10068FEA8 /* Frameworks */ = {
			isa = PBXFrameworksBuildPhase;
			buildActionMask = 2147483647;
			files = (
				54CCB25AACA1F917F623CDDD /* Pods_meshTests.framework in Frameworks */,
			);
			runOnlyForDeploymentPostprocessing = 0;
		};
		1C235F9A2755DAF10068FEA8 /* Frameworks */ = {
			isa = PBXFrameworksBuildPhase;
			buildActionMask = 2147483647;
			files = (
				C50A2015F858ED46CA92A97B /* Pods_mesh_meshUITests.framework in Frameworks */,
			);
			runOnlyForDeploymentPostprocessing = 0;
		};
/* End PBXFrameworksBuildPhase section */

/* Begin PBXGroup section */
		1C178EB42768461800FAD445 /* View */ = {
			isa = PBXGroup;
			children = (
				1CF96A63277821DA003FF56D /* ProfileDetailView */,
				1C235F852755DAEF0068FEA8 /* Main.storyboard */,
				1C235F8A2755DAF10068FEA8 /* LaunchScreen.storyboard */,
			);
			name = View;
			sourceTree = "<group>";
		};
		1C178EB52768463200FAD445 /* Controller */ = {
			isa = PBXGroup;
			children = (
				1C235F812755DAEF0068FEA8 /* SceneDelegate.swift */,
				1C235F7F2755DAEF0068FEA8 /* AppDelegate.swift */,
				1C178EB22768411800FAD445 /* SignInViewController.swift */,
				1C109439275BFA53003638A3 /* SignUpViewController.swift */,
				1C178EB72768466200FAD445 /* ProfileViewController.swift */,
			);
			name = Controller;
			sourceTree = "<group>";
		};
		1C178EB62768463E00FAD445 /* Model */ = {
			isa = PBXGroup;
			children = (
				1C235F882755DAF10068FEA8 /* Assets.xcassets */,
				1C178EB02768348100FAD445 /* AccountManager.swift */,
				1C4E08AE276E719D00D502D9 /* ImageManager.swift */,
				1CD3048927642E80009DC6D2 /* NetworkClient.swift */,
				1CDEB29E2775B106009DD5DA /* ProfileDetailModel.swift */,
				1CCC182727765BA400DDBA18 /* ImageService.swift */,
			);
			name = Model;
			sourceTree = "<group>";
		};
		1C235F732755DAEF0068FEA8 = {
			isa = PBXGroup;
			children = (
				1C235F7E2755DAEF0068FEA8 /* mesh */,
				1C235F952755DAF10068FEA8 /* meshTests */,
				1C235FA02755DAF10068FEA8 /* meshUITests */,
				1C235F7D2755DAEF0068FEA8 /* Products */,
				C0F94F3CAC1AA8D99C3CF950 /* Pods */,
				295E91E4D5F814E04B161479 /* Frameworks */,
			);
			sourceTree = "<group>";
		};
		1C235F7D2755DAEF0068FEA8 /* Products */ = {
			isa = PBXGroup;
			children = (
				1C235F7C2755DAEF0068FEA8 /* mesh.app */,
				1C235F922755DAF10068FEA8 /* meshTests.xctest */,
				1C235F9D2755DAF10068FEA8 /* meshUITests.xctest */,
			);
			name = Products;
			sourceTree = "<group>";
		};
		1C235F7E2755DAEF0068FEA8 /* mesh */ = {
			isa = PBXGroup;
			children = (
				1C178EB62768463E00FAD445 /* Model */,
				1C178EB52768463200FAD445 /* Controller */,
				1C178EB42768461800FAD445 /* View */,
				1C235F8D2755DAF10068FEA8 /* Info.plist */,
			);
			path = mesh;
			sourceTree = "<group>";
		};
		1C235F952755DAF10068FEA8 /* meshTests */ = {
			isa = PBXGroup;
			children = (
				1C235F962755DAF10068FEA8 /* meshTests.swift */,
				1C235F982755DAF10068FEA8 /* Info.plist */,
			);
			path = meshTests;
			sourceTree = "<group>";
		};
		1C235FA02755DAF10068FEA8 /* meshUITests */ = {
			isa = PBXGroup;
			children = (
				1C235FA12755DAF10068FEA8 /* meshUITests.swift */,
				1C235FA32755DAF10068FEA8 /* Info.plist */,
			);
			path = meshUITests;
			sourceTree = "<group>";
		};
		1CF96A63277821DA003FF56D /* ProfileDetailView */ = {
			isa = PBXGroup;
			children = (
				1CF96A642778275B003FF56D /* ImageLoader.swift */,
				1CDEB29C2775AFAE009DD5DA /* ProfileDetailViewModel.swift */,
				1CDEB2982775A23D009DD5DA /* ProfileDetailView.swift */,
			);
			name = ProfileDetailView;
			sourceTree = "<group>";
		};
		295E91E4D5F814E04B161479 /* Frameworks */ = {
			isa = PBXGroup;
			children = (
				8E9A1CFB6C1D20853D2D7944 /* Pods_mesh.framework */,
				C5770A05204318FF53C2106C /* Pods_mesh_meshUITests.framework */,
				7148FDF4A69D705228EC9C8D /* Pods_meshTests.framework */,
			);
			name = Frameworks;
			sourceTree = "<group>";
		};
		C0F94F3CAC1AA8D99C3CF950 /* Pods */ = {
			isa = PBXGroup;
			children = (
				05A557FC5A075AC640F7ED46 /* Pods-mesh.debug.xcconfig */,
				4121485CD71BAD26DA00AC46 /* Pods-mesh.release.xcconfig */,
				56F096211505657C5412FB9E /* Pods-mesh-meshUITests.debug.xcconfig */,
				CE12A5E14EFAB7234522E5F9 /* Pods-mesh-meshUITests.release.xcconfig */,
				FB8675F2340DAED01EAFBBD4 /* Pods-meshTests.debug.xcconfig */,
				05304C94AAD83CF845145F21 /* Pods-meshTests.release.xcconfig */,
			);
			path = Pods;
			sourceTree = "<group>";
		};
/* End PBXGroup section */

/* Begin PBXNativeTarget section */
		1C235F7B2755DAEF0068FEA8 /* mesh */ = {
			isa = PBXNativeTarget;
			buildConfigurationList = 1C235FA62755DAF10068FEA8 /* Build configuration list for PBXNativeTarget "mesh" */;
			buildPhases = (
				05E73A125B9698DD67840A5A /* [CP] Check Pods Manifest.lock */,
				1C235F782755DAEF0068FEA8 /* Sources */,
				1C235F792755DAEF0068FEA8 /* Frameworks */,
				1C235F7A2755DAEF0068FEA8 /* Resources */,
				A89B9F70AE4FC6FCB910B525 /* [CP] Embed Pods Frameworks */,
			);
			buildRules = (
			);
			dependencies = (
			);
			name = mesh;
			packageProductDependencies = (
				1C109437275BFA38003638A3 /* Alamofire */,
			);
			productName = mesh;
			productReference = 1C235F7C2755DAEF0068FEA8 /* mesh.app */;
			productType = "com.apple.product-type.application";
		};
		1C235F912755DAF10068FEA8 /* meshTests */ = {
			isa = PBXNativeTarget;
			buildConfigurationList = 1C235FA92755DAF10068FEA8 /* Build configuration list for PBXNativeTarget "meshTests" */;
			buildPhases = (
				0ACE7CB324693254B335EB70 /* [CP] Check Pods Manifest.lock */,
				1C235F8E2755DAF10068FEA8 /* Sources */,
				1C235F8F2755DAF10068FEA8 /* Frameworks */,
				1C235F902755DAF10068FEA8 /* Resources */,
			);
			buildRules = (
			);
			dependencies = (
				1C235F942755DAF10068FEA8 /* PBXTargetDependency */,
			);
			name = meshTests;
			productName = meshTests;
			productReference = 1C235F922755DAF10068FEA8 /* meshTests.xctest */;
			productType = "com.apple.product-type.bundle.unit-test";
		};
		1C235F9C2755DAF10068FEA8 /* meshUITests */ = {
			isa = PBXNativeTarget;
			buildConfigurationList = 1C235FAC2755DAF10068FEA8 /* Build configuration list for PBXNativeTarget "meshUITests" */;
			buildPhases = (
				5FBC019B0B8FCFE35519E8A4 /* [CP] Check Pods Manifest.lock */,
				1C235F992755DAF10068FEA8 /* Sources */,
				1C235F9A2755DAF10068FEA8 /* Frameworks */,
				1C235F9B2755DAF10068FEA8 /* Resources */,
				EB888D034F9D7D285D24E61F /* [CP] Embed Pods Frameworks */,
			);
			buildRules = (
			);
			dependencies = (
				1C235F9F2755DAF10068FEA8 /* PBXTargetDependency */,
			);
			name = meshUITests;
			productName = meshUITests;
			productReference = 1C235F9D2755DAF10068FEA8 /* meshUITests.xctest */;
			productType = "com.apple.product-type.bundle.ui-testing";
		};
/* End PBXNativeTarget section */

/* Begin PBXProject section */
		1C235F742755DAEF0068FEA8 /* Project object */ = {
			isa = PBXProject;
			attributes = {
				LastSwiftUpdateCheck = 1250;
				LastUpgradeCheck = 1250;
				TargetAttributes = {
					1C235F7B2755DAEF0068FEA8 = {
						CreatedOnToolsVersion = 12.5.1;
					};
					1C235F912755DAF10068FEA8 = {
						CreatedOnToolsVersion = 12.5.1;
						TestTargetID = 1C235F7B2755DAEF0068FEA8;
					};
					1C235F9C2755DAF10068FEA8 = {
						CreatedOnToolsVersion = 12.5.1;
						TestTargetID = 1C235F7B2755DAEF0068FEA8;
					};
				};
			};
			buildConfigurationList = 1C235F772755DAEF0068FEA8 /* Build configuration list for PBXProject "Mesh Mobile" */;
			compatibilityVersion = "Xcode 9.3";
			developmentRegion = en;
			hasScannedForEncodings = 0;
			knownRegions = (
				en,
				Base,
			);
			mainGroup = 1C235F732755DAEF0068FEA8;
			packageReferences = (
				1C109436275BFA38003638A3 /* XCRemoteSwiftPackageReference "Alamofire" */,
			);
			productRefGroup = 1C235F7D2755DAEF0068FEA8 /* Products */;
			projectDirPath = "";
			projectRoot = "";
			targets = (
				1C235F7B2755DAEF0068FEA8 /* mesh */,
				1C235F912755DAF10068FEA8 /* meshTests */,
				1C235F9C2755DAF10068FEA8 /* meshUITests */,
			);
		};
/* End PBXProject section */

/* Begin PBXResourcesBuildPhase section */
		1C235F7A2755DAEF0068FEA8 /* Resources */ = {
			isa = PBXResourcesBuildPhase;
			buildActionMask = 2147483647;
			files = (
				1C235F8C2755DAF10068FEA8 /* LaunchScreen.storyboard in Resources */,
				1C235F892755DAF10068FEA8 /* Assets.xcassets in Resources */,
				1C235F872755DAEF0068FEA8 /* Main.storyboard in Resources */,
			);
			runOnlyForDeploymentPostprocessing = 0;
		};
		1C235F902755DAF10068FEA8 /* Resources */ = {
			isa = PBXResourcesBuildPhase;
			buildActionMask = 2147483647;
			files = (
			);
			runOnlyForDeploymentPostprocessing = 0;
		};
		1C235F9B2755DAF10068FEA8 /* Resources */ = {
			isa = PBXResourcesBuildPhase;
			buildActionMask = 2147483647;
			files = (
			);
			runOnlyForDeploymentPostprocessing = 0;
		};
/* End PBXResourcesBuildPhase section */

/* Begin PBXShellScriptBuildPhase section */
		05E73A125B9698DD67840A5A /* [CP] Check Pods Manifest.lock */ = {
			isa = PBXShellScriptBuildPhase;
			buildActionMask = 2147483647;
			files = (
			);
			inputFileListPaths = (
			);
			inputPaths = (
				"${PODS_PODFILE_DIR_PATH}/Podfile.lock",
				"${PODS_ROOT}/Manifest.lock",
			);
			name = "[CP] Check Pods Manifest.lock";
			outputFileListPaths = (
			);
			outputPaths = (
				"$(DERIVED_FILE_DIR)/Pods-mesh-checkManifestLockResult.txt",
			);
			runOnlyForDeploymentPostprocessing = 0;
			shellPath = /bin/sh;
			shellScript = "diff \"${PODS_PODFILE_DIR_PATH}/Podfile.lock\" \"${PODS_ROOT}/Manifest.lock\" > /dev/null\nif [ $? != 0 ] ; then\n    # print error to STDERR\n    echo \"error: The sandbox is not in sync with the Podfile.lock. Run 'pod install' or update your CocoaPods installation.\" >&2\n    exit 1\nfi\n# This output is used by Xcode 'outputs' to avoid re-running this script phase.\necho \"SUCCESS\" > \"${SCRIPT_OUTPUT_FILE_0}\"\n";
			showEnvVarsInLog = 0;
		};
		0ACE7CB324693254B335EB70 /* [CP] Check Pods Manifest.lock */ = {
			isa = PBXShellScriptBuildPhase;
			buildActionMask = 2147483647;
			files = (
			);
			inputFileListPaths = (
			);
			inputPaths = (
				"${PODS_PODFILE_DIR_PATH}/Podfile.lock",
				"${PODS_ROOT}/Manifest.lock",
			);
			name = "[CP] Check Pods Manifest.lock";
			outputFileListPaths = (
			);
			outputPaths = (
				"$(DERIVED_FILE_DIR)/Pods-meshTests-checkManifestLockResult.txt",
			);
			runOnlyForDeploymentPostprocessing = 0;
			shellPath = /bin/sh;
			shellScript = "diff \"${PODS_PODFILE_DIR_PATH}/Podfile.lock\" \"${PODS_ROOT}/Manifest.lock\" > /dev/null\nif [ $? != 0 ] ; then\n    # print error to STDERR\n    echo \"error: The sandbox is not in sync with the Podfile.lock. Run 'pod install' or update your CocoaPods installation.\" >&2\n    exit 1\nfi\n# This output is used by Xcode 'outputs' to avoid re-running this script phase.\necho \"SUCCESS\" > \"${SCRIPT_OUTPUT_FILE_0}\"\n";
			showEnvVarsInLog = 0;
		};
		5FBC019B0B8FCFE35519E8A4 /* [CP] Check Pods Manifest.lock */ = {
			isa = PBXShellScriptBuildPhase;
			buildActionMask = 2147483647;
			files = (
			);
			inputFileListPaths = (
			);
			inputPaths = (
				"${PODS_PODFILE_DIR_PATH}/Podfile.lock",
				"${PODS_ROOT}/Manifest.lock",
			);
			name = "[CP] Check Pods Manifest.lock";
			outputFileListPaths = (
			);
			outputPaths = (
				"$(DERIVED_FILE_DIR)/Pods-mesh-meshUITests-checkManifestLockResult.txt",
			);
			runOnlyForDeploymentPostprocessing = 0;
			shellPath = /bin/sh;
			shellScript = "diff \"${PODS_PODFILE_DIR_PATH}/Podfile.lock\" \"${PODS_ROOT}/Manifest.lock\" > /dev/null\nif [ $? != 0 ] ; then\n    # print error to STDERR\n    echo \"error: The sandbox is not in sync with the Podfile.lock. Run 'pod install' or update your CocoaPods installation.\" >&2\n    exit 1\nfi\n# This output is used by Xcode 'outputs' to avoid re-running this script phase.\necho \"SUCCESS\" > \"${SCRIPT_OUTPUT_FILE_0}\"\n";
			showEnvVarsInLog = 0;
		};
		A89B9F70AE4FC6FCB910B525 /* [CP] Embed Pods Frameworks */ = {
			isa = PBXShellScriptBuildPhase;
			buildActionMask = 2147483647;
			files = (
			);
			inputFileListPaths = (
				"${PODS_ROOT}/Target Support Files/Pods-mesh/Pods-mesh-frameworks-${CONFIGURATION}-input-files.xcfilelist",
			);
			name = "[CP] Embed Pods Frameworks";
			outputFileListPaths = (
				"${PODS_ROOT}/Target Support Files/Pods-mesh/Pods-mesh-frameworks-${CONFIGURATION}-output-files.xcfilelist",
			);
			runOnlyForDeploymentPostprocessing = 0;
			shellPath = /bin/sh;
			shellScript = "\"${PODS_ROOT}/Target Support Files/Pods-mesh/Pods-mesh-frameworks.sh\"\n";
			showEnvVarsInLog = 0;
		};
		EB888D034F9D7D285D24E61F /* [CP] Embed Pods Frameworks */ = {
			isa = PBXShellScriptBuildPhase;
			buildActionMask = 2147483647;
			files = (
			);
			inputFileListPaths = (
				"${PODS_ROOT}/Target Support Files/Pods-mesh-meshUITests/Pods-mesh-meshUITests-frameworks-${CONFIGURATION}-input-files.xcfilelist",
			);
			name = "[CP] Embed Pods Frameworks";
			outputFileListPaths = (
				"${PODS_ROOT}/Target Support Files/Pods-mesh-meshUITests/Pods-mesh-meshUITests-frameworks-${CONFIGURATION}-output-files.xcfilelist",
			);
			runOnlyForDeploymentPostprocessing = 0;
			shellPath = /bin/sh;
			shellScript = "\"${PODS_ROOT}/Target Support Files/Pods-mesh-meshUITests/Pods-mesh-meshUITests-frameworks.sh\"\n";
			showEnvVarsInLog = 0;
		};
/* End PBXShellScriptBuildPhase section */

/* Begin PBXSourcesBuildPhase section */
		1C235F782755DAEF0068FEA8 /* Sources */ = {
			isa = PBXSourcesBuildPhase;
			buildActionMask = 2147483647;
			files = (
				1CDEB29F2775B106009DD5DA /* ProfileDetailModel.swift in Sources */,
				1C178EB32768411800FAD445 /* SignInViewController.swift in Sources */,
				1CD3048A27642E80009DC6D2 /* NetworkClient.swift in Sources */,
				1CDEB29D2775AFAE009DD5DA /* ProfileDetailViewModel.swift in Sources */,
				1C235F802755DAEF0068FEA8 /* AppDelegate.swift in Sources */,
				1C10943A275BFA53003638A3 /* SignUpViewController.swift in Sources */,
				1C235F822755DAEF0068FEA8 /* SceneDelegate.swift in Sources */,
				1CCC182827765BA400DDBA18 /* ImageService.swift in Sources */,
				1C178EB82768466200FAD445 /* ProfileViewController.swift in Sources */,
				1CDEB2992775A23D009DD5DA /* ProfileDetailView.swift in Sources */,
				1C178EB12768348100FAD445 /* AccountManager.swift in Sources */,
				1C4E08AF276E719D00D502D9 /* ImageManager.swift in Sources */,
				1CF96A652778275B003FF56D /* ImageLoader.swift in Sources */,
			);
			runOnlyForDeploymentPostprocessing = 0;
		};
		1C235F8E2755DAF10068FEA8 /* Sources */ = {
			isa = PBXSourcesBuildPhase;
			buildActionMask = 2147483647;
			files = (
				1C235F972755DAF10068FEA8 /* meshTests.swift in Sources */,
			);
			runOnlyForDeploymentPostprocessing = 0;
		};
		1C235F992755DAF10068FEA8 /* Sources */ = {
			isa = PBXSourcesBuildPhase;
			buildActionMask = 2147483647;
			files = (
				1C235FA22755DAF10068FEA8 /* meshUITests.swift in Sources */,
			);
			runOnlyForDeploymentPostprocessing = 0;
		};
/* End PBXSourcesBuildPhase section */

/* Begin PBXTargetDependency section */
		1C235F942755DAF10068FEA8 /* PBXTargetDependency */ = {
			isa = PBXTargetDependency;
			target = 1C235F7B2755DAEF0068FEA8 /* mesh */;
			targetProxy = 1C235F932755DAF10068FEA8 /* PBXContainerItemProxy */;
		};
		1C235F9F2755DAF10068FEA8 /* PBXTargetDependency */ = {
			isa = PBXTargetDependency;
			target = 1C235F7B2755DAEF0068FEA8 /* mesh */;
			targetProxy = 1C235F9E2755DAF10068FEA8 /* PBXContainerItemProxy */;
		};
/* End PBXTargetDependency section */

/* Begin PBXVariantGroup section */
		1C235F852755DAEF0068FEA8 /* Main.storyboard */ = {
			isa = PBXVariantGroup;
			children = (
				1C235F862755DAEF0068FEA8 /* Base */,
			);
			name = Main.storyboard;
			sourceTree = "<group>";
		};
		1C235F8A2755DAF10068FEA8 /* LaunchScreen.storyboard */ = {
			isa = PBXVariantGroup;
			children = (
				1C235F8B2755DAF10068FEA8 /* Base */,
			);
			name = LaunchScreen.storyboard;
			sourceTree = "<group>";
		};
/* End PBXVariantGroup section */

/* Begin XCBuildConfiguration section */
		1C235FA42755DAF10068FEA8 /* Debug */ = {
			isa = XCBuildConfiguration;
			buildSettings = {
				ALWAYS_SEARCH_USER_PATHS = NO;
				CLANG_ANALYZER_NONNULL = YES;
				CLANG_ANALYZER_NUMBER_OBJECT_CONVERSION = YES_AGGRESSIVE;
				CLANG_CXX_LANGUAGE_STANDARD = "gnu++14";
				CLANG_CXX_LIBRARY = "libc++";
				CLANG_ENABLE_MODULES = YES;
				CLANG_ENABLE_OBJC_ARC = YES;
				CLANG_ENABLE_OBJC_WEAK = YES;
				CLANG_WARN_BLOCK_CAPTURE_AUTORELEASING = YES;
				CLANG_WARN_BOOL_CONVERSION = YES;
				CLANG_WARN_COMMA = YES;
				CLANG_WARN_CONSTANT_CONVERSION = YES;
				CLANG_WARN_DEPRECATED_OBJC_IMPLEMENTATIONS = YES;
				CLANG_WARN_DIRECT_OBJC_ISA_USAGE = YES_ERROR;
				CLANG_WARN_DOCUMENTATION_COMMENTS = YES;
				CLANG_WARN_EMPTY_BODY = YES;
				CLANG_WARN_ENUM_CONVERSION = YES;
				CLANG_WARN_INFINITE_RECURSION = YES;
				CLANG_WARN_INT_CONVERSION = YES;
				CLANG_WARN_NON_LITERAL_NULL_CONVERSION = YES;
				CLANG_WARN_OBJC_IMPLICIT_RETAIN_SELF = YES;
				CLANG_WARN_OBJC_LITERAL_CONVERSION = YES;
				CLANG_WARN_OBJC_ROOT_CLASS = YES_ERROR;
				CLANG_WARN_QUOTED_INCLUDE_IN_FRAMEWORK_HEADER = YES;
				CLANG_WARN_RANGE_LOOP_ANALYSIS = YES;
				CLANG_WARN_STRICT_PROTOTYPES = YES;
				CLANG_WARN_SUSPICIOUS_MOVE = YES;
				CLANG_WARN_UNGUARDED_AVAILABILITY = YES_AGGRESSIVE;
				CLANG_WARN_UNREACHABLE_CODE = YES;
				CLANG_WARN__DUPLICATE_METHOD_MATCH = YES;
				COPY_PHASE_STRIP = NO;
				DEBUG_INFORMATION_FORMAT = dwarf;
				ENABLE_STRICT_OBJC_MSGSEND = YES;
				ENABLE_TESTABILITY = YES;
				GCC_C_LANGUAGE_STANDARD = gnu11;
				GCC_DYNAMIC_NO_PIC = NO;
				GCC_NO_COMMON_BLOCKS = YES;
				GCC_OPTIMIZATION_LEVEL = 0;
				GCC_PREPROCESSOR_DEFINITIONS = (
					"DEBUG=1",
					"$(inherited)",
				);
				GCC_WARN_64_TO_32_BIT_CONVERSION = YES;
				GCC_WARN_ABOUT_RETURN_TYPE = YES_ERROR;
				GCC_WARN_UNDECLARED_SELECTOR = YES;
				GCC_WARN_UNINITIALIZED_AUTOS = YES_AGGRESSIVE;
				GCC_WARN_UNUSED_FUNCTION = YES;
				GCC_WARN_UNUSED_VARIABLE = YES;
				IPHONEOS_DEPLOYMENT_TARGET = 14.5;
				MTL_ENABLE_DEBUG_INFO = INCLUDE_SOURCE;
				MTL_FAST_MATH = YES;
				ONLY_ACTIVE_ARCH = YES;
				SDKROOT = iphoneos;
				SWIFT_ACTIVE_COMPILATION_CONDITIONS = DEBUG;
				SWIFT_OPTIMIZATION_LEVEL = "-Onone";
			};
			name = Debug;
		};
		1C235FA52755DAF10068FEA8 /* Release */ = {
			isa = XCBuildConfiguration;
			buildSettings = {
				ALWAYS_SEARCH_USER_PATHS = NO;
				CLANG_ANALYZER_NONNULL = YES;
				CLANG_ANALYZER_NUMBER_OBJECT_CONVERSION = YES_AGGRESSIVE;
				CLANG_CXX_LANGUAGE_STANDARD = "gnu++14";
				CLANG_CXX_LIBRARY = "libc++";
				CLANG_ENABLE_MODULES = YES;
				CLANG_ENABLE_OBJC_ARC = YES;
				CLANG_ENABLE_OBJC_WEAK = YES;
				CLANG_WARN_BLOCK_CAPTURE_AUTORELEASING = YES;
				CLANG_WARN_BOOL_CONVERSION = YES;
				CLANG_WARN_COMMA = YES;
				CLANG_WARN_CONSTANT_CONVERSION = YES;
				CLANG_WARN_DEPRECATED_OBJC_IMPLEMENTATIONS = YES;
				CLANG_WARN_DIRECT_OBJC_ISA_USAGE = YES_ERROR;
				CLANG_WARN_DOCUMENTATION_COMMENTS = YES;
				CLANG_WARN_EMPTY_BODY = YES;
				CLANG_WARN_ENUM_CONVERSION = YES;
				CLANG_WARN_INFINITE_RECURSION = YES;
				CLANG_WARN_INT_CONVERSION = YES;
				CLANG_WARN_NON_LITERAL_NULL_CONVERSION = YES;
				CLANG_WARN_OBJC_IMPLICIT_RETAIN_SELF = YES;
				CLANG_WARN_OBJC_LITERAL_CONVERSION = YES;
				CLANG_WARN_OBJC_ROOT_CLASS = YES_ERROR;
				CLANG_WARN_QUOTED_INCLUDE_IN_FRAMEWORK_HEADER = YES;
				CLANG_WARN_RANGE_LOOP_ANALYSIS = YES;
				CLANG_WARN_STRICT_PROTOTYPES = YES;
				CLANG_WARN_SUSPICIOUS_MOVE = YES;
				CLANG_WARN_UNGUARDED_AVAILABILITY = YES_AGGRESSIVE;
				CLANG_WARN_UNREACHABLE_CODE = YES;
				CLANG_WARN__DUPLICATE_METHOD_MATCH = YES;
				COPY_PHASE_STRIP = NO;
				DEBUG_INFORMATION_FORMAT = "dwarf-with-dsym";
				ENABLE_NS_ASSERTIONS = NO;
				ENABLE_STRICT_OBJC_MSGSEND = YES;
				GCC_C_LANGUAGE_STANDARD = gnu11;
				GCC_NO_COMMON_BLOCKS = YES;
				GCC_WARN_64_TO_32_BIT_CONVERSION = YES;
				GCC_WARN_ABOUT_RETURN_TYPE = YES_ERROR;
				GCC_WARN_UNDECLARED_SELECTOR = YES;
				GCC_WARN_UNINITIALIZED_AUTOS = YES_AGGRESSIVE;
				GCC_WARN_UNUSED_FUNCTION = YES;
				GCC_WARN_UNUSED_VARIABLE = YES;
				IPHONEOS_DEPLOYMENT_TARGET = 14.5;
				MTL_ENABLE_DEBUG_INFO = NO;
				MTL_FAST_MATH = YES;
				SDKROOT = iphoneos;
				SWIFT_COMPILATION_MODE = wholemodule;
				SWIFT_OPTIMIZATION_LEVEL = "-O";
				VALIDATE_PRODUCT = YES;
			};
			name = Release;
		};
		1C235FA72755DAF10068FEA8 /* Debug */ = {
			isa = XCBuildConfiguration;
			baseConfigurationReference = 05A557FC5A075AC640F7ED46 /* Pods-mesh.debug.xcconfig */;
			buildSettings = {
				ASSETCATALOG_COMPILER_APPICON_NAME = AppIcon;
				ASSETCATALOG_COMPILER_GLOBAL_ACCENT_COLOR_NAME = AccentColor;
				CODE_SIGN_IDENTITY = "Apple Development";
				CODE_SIGN_STYLE = Automatic;
				CURRENT_PROJECT_VERSION = 1;
				DEVELOPMENT_TEAM = DDF2RRVJ39;
				INFOPLIST_FILE = mesh/Info.plist;
				LD_RUNPATH_SEARCH_PATHS = (
					"$(inherited)",
					"@executable_path/Frameworks",
				);
				MARKETING_VERSION = 1.3;
				PRODUCT_BUNDLE_IDENTIFIER = dashu.mesh;
				PRODUCT_NAME = "$(TARGET_NAME)";
				PROVISIONING_PROFILE_SPECIFIER = "";
				SWIFT_VERSION = 5.0;
				TARGETED_DEVICE_FAMILY = "1,2";
			};
			name = Debug;
		};
		1C235FA82755DAF10068FEA8 /* Release */ = {
			isa = XCBuildConfiguration;
			baseConfigurationReference = 4121485CD71BAD26DA00AC46 /* Pods-mesh.release.xcconfig */;
			buildSettings = {
				ASSETCATALOG_COMPILER_APPICON_NAME = AppIcon;
				ASSETCATALOG_COMPILER_GLOBAL_ACCENT_COLOR_NAME = AccentColor;
				CODE_SIGN_IDENTITY = "Apple Development";
				CODE_SIGN_STYLE = Automatic;
				CURRENT_PROJECT_VERSION = 1;
				DEVELOPMENT_TEAM = DDF2RRVJ39;
				INFOPLIST_FILE = mesh/Info.plist;
				LD_RUNPATH_SEARCH_PATHS = (
					"$(inherited)",
					"@executable_path/Frameworks",
				);
				MARKETING_VERSION = 1.3;
				PRODUCT_BUNDLE_IDENTIFIER = dashu.mesh;
				PRODUCT_NAME = "$(TARGET_NAME)";
				PROVISIONING_PROFILE_SPECIFIER = "";
				SWIFT_VERSION = 5.0;
				TARGETED_DEVICE_FAMILY = "1,2";
			};
			name = Release;
		};
		1C235FAA2755DAF10068FEA8 /* Debug */ = {
			isa = XCBuildConfiguration;
			baseConfigurationReference = FB8675F2340DAED01EAFBBD4 /* Pods-meshTests.debug.xcconfig */;
			buildSettings = {
				ALWAYS_EMBED_SWIFT_STANDARD_LIBRARIES = YES;
				BUNDLE_LOADER = "$(TEST_HOST)";
				CODE_SIGN_IDENTITY = "Apple Development";
				"CODE_SIGN_IDENTITY[sdk=macosx*]" = "Apple Development";
				CODE_SIGN_STYLE = Automatic;
				DEVELOPMENT_TEAM = DDF2RRVJ39;
				INFOPLIST_FILE = meshTests/Info.plist;
				IPHONEOS_DEPLOYMENT_TARGET = 14.5;
				LD_RUNPATH_SEARCH_PATHS = (
					"$(inherited)",
					"@executable_path/Frameworks",
					"@loader_path/Frameworks",
				);
				PRODUCT_BUNDLE_IDENTIFIER = dashu.meshTests;
				PRODUCT_NAME = "$(TARGET_NAME)";
				PROVISIONING_PROFILE_SPECIFIER = "";
				"PROVISIONING_PROFILE_SPECIFIER[sdk=macosx*]" = "";
				SWIFT_VERSION = 5.0;
				TARGETED_DEVICE_FAMILY = "1,2";
				TEST_HOST = "$(BUILT_PRODUCTS_DIR)/mesh.app/mesh";
			};
			name = Debug;
		};
		1C235FAB2755DAF10068FEA8 /* Release */ = {
			isa = XCBuildConfiguration;
			baseConfigurationReference = 05304C94AAD83CF845145F21 /* Pods-meshTests.release.xcconfig */;
			buildSettings = {
				ALWAYS_EMBED_SWIFT_STANDARD_LIBRARIES = YES;
				BUNDLE_LOADER = "$(TEST_HOST)";
				CODE_SIGN_IDENTITY = "Apple Development";
				"CODE_SIGN_IDENTITY[sdk=macosx*]" = "Apple Development";
				CODE_SIGN_STYLE = Automatic;
				DEVELOPMENT_TEAM = DDF2RRVJ39;
				INFOPLIST_FILE = meshTests/Info.plist;
				IPHONEOS_DEPLOYMENT_TARGET = 14.5;
				LD_RUNPATH_SEARCH_PATHS = (
					"$(inherited)",
					"@executable_path/Frameworks",
					"@loader_path/Frameworks",
				);
				PRODUCT_BUNDLE_IDENTIFIER = dashu.meshTests;
				PRODUCT_NAME = "$(TARGET_NAME)";
				PROVISIONING_PROFILE_SPECIFIER = "";
				"PROVISIONING_PROFILE_SPECIFIER[sdk=macosx*]" = "";
				SWIFT_VERSION = 5.0;
				TARGETED_DEVICE_FAMILY = "1,2";
				TEST_HOST = "$(BUILT_PRODUCTS_DIR)/mesh.app/mesh";
			};
			name = Release;
		};
		1C235FAD2755DAF10068FEA8 /* Debug */ = {
			isa = XCBuildConfiguration;
			baseConfigurationReference = 56F096211505657C5412FB9E /* Pods-mesh-meshUITests.debug.xcconfig */;
			buildSettings = {
				ALWAYS_EMBED_SWIFT_STANDARD_LIBRARIES = YES;
				CODE_SIGN_STYLE = Automatic;
				DEVELOPMENT_TEAM = DDF2RRVJ39;
				INFOPLIST_FILE = meshUITests/Info.plist;
				LD_RUNPATH_SEARCH_PATHS = (
					"$(inherited)",
					"@executable_path/Frameworks",
					"@loader_path/Frameworks",
				);
				PRODUCT_BUNDLE_IDENTIFIER = dashu.meshUITests;
				PRODUCT_NAME = "$(TARGET_NAME)";
				SWIFT_VERSION = 5.0;
				TARGETED_DEVICE_FAMILY = "1,2";
				TEST_TARGET_NAME = mesh;
			};
			name = Debug;
		};
		1C235FAE2755DAF10068FEA8 /* Release */ = {
			isa = XCBuildConfiguration;
			baseConfigurationReference = CE12A5E14EFAB7234522E5F9 /* Pods-mesh-meshUITests.release.xcconfig */;
			buildSettings = {
				ALWAYS_EMBED_SWIFT_STANDARD_LIBRARIES = YES;
				CODE_SIGN_STYLE = Automatic;
				DEVELOPMENT_TEAM = DDF2RRVJ39;
				INFOPLIST_FILE = meshUITests/Info.plist;
				LD_RUNPATH_SEARCH_PATHS = (
					"$(inherited)",
					"@executable_path/Frameworks",
					"@loader_path/Frameworks",
				);
				PRODUCT_BUNDLE_IDENTIFIER = dashu.meshUITests;
				PRODUCT_NAME = "$(TARGET_NAME)";
				SWIFT_VERSION = 5.0;
				TARGETED_DEVICE_FAMILY = "1,2";
				TEST_TARGET_NAME = mesh;
			};
			name = Release;
		};
/* End XCBuildConfiguration section */

/* Begin XCConfigurationList section */
		1C235F772755DAEF0068FEA8 /* Build configuration list for PBXProject "Mesh Mobile" */ = {
			isa = XCConfigurationList;
			buildConfigurations = (
				1C235FA42755DAF10068FEA8 /* Debug */,
				1C235FA52755DAF10068FEA8 /* Release */,
			);
			defaultConfigurationIsVisible = 0;
			defaultConfigurationName = Release;
		};
		1C235FA62755DAF10068FEA8 /* Build configuration list for PBXNativeTarget "mesh" */ = {
			isa = XCConfigurationList;
			buildConfigurations = (
				1C235FA72755DAF10068FEA8 /* Debug */,
				1C235FA82755DAF10068FEA8 /* Release */,
			);
			defaultConfigurationIsVisible = 0;
			defaultConfigurationName = Release;
		};
		1C235FA92755DAF10068FEA8 /* Build configuration list for PBXNativeTarget "meshTests" */ = {
			isa = XCConfigurationList;
			buildConfigurations = (
				1C235FAA2755DAF10068FEA8 /* Debug */,
				1C235FAB2755DAF10068FEA8 /* Release */,
			);
			defaultConfigurationIsVisible = 0;
			defaultConfigurationName = Release;
		};
		1C235FAC2755DAF10068FEA8 /* Build configuration list for PBXNativeTarget "meshUITests" */ = {
			isa = XCConfigurationList;
			buildConfigurations = (
				1C235FAD2755DAF10068FEA8 /* Debug */,
				1C235FAE2755DAF10068FEA8 /* Release */,
			);
			defaultConfigurationIsVisible = 0;
			defaultConfigurationName = Release;
		};
/* End XCConfigurationList section */

/* Begin XCRemoteSwiftPackageReference section */
		1C109436275BFA38003638A3 /* XCRemoteSwiftPackageReference "Alamofire" */ = {
			isa = XCRemoteSwiftPackageReference;
			repositoryURL = "https://github.com/Alamofire/Alamofire.git";
			requirement = {
				kind = upToNextMajorVersion;
				minimumVersion = 5.4.4;
			};
		};
/* End XCRemoteSwiftPackageReference section */

/* Begin XCSwiftPackageProductDependency section */
		1C109437275BFA38003638A3 /* Alamofire */ = {
			isa = XCSwiftPackageProductDependency;
			package = 1C109436275BFA38003638A3 /* XCRemoteSwiftPackageReference "Alamofire" */;
			productName = Alamofire;
		};
/* End XCSwiftPackageProductDependency section */
	};
	rootObject = 1C235F742755DAEF0068FEA8 /* Project object */;
}
